PODS:
  - Crashlytics (3.10.1):
    - Fabric (~> 1.7.5)
  - Fabric (1.7.6)

DEPENDENCIES:
  - Crashlytics

SPEC REPOS:
  https://github.com/cocoapods/specs.git:
    - Crashlytics
    - Fabric

SPEC CHECKSUMS:
  Crashlytics: aee1a064cbbf99b32efa3f056a5f458d846bc8ff
  Fabric: f8d42c893bb187326a7968b62abe55c36a987a46

PODFILE CHECKSUM: 67c5a6c81a9f4d383baa6708072e0bc8610a5a3d

COCOAPODS: 1.5.2
